{
  "name": "coven",
  "version": "1.0.0",
  "lockfileVersion": 3,
  "requires": true,
  "packages": {
    "": {
      "name": "coven",
      "version": "1.0.0",
      "workspaces": [
        "shared",
        "frontend",
        "backend"
      ],
      "devDependencies": {
        "@types/node": "^22.15.3",
        "concurrently": "^8.2.2",
        "typescript": "^5.5.4"
      }
    },
    "backend": {
      "name": "coven-backend",
      "version": "1.0.0",
      "license": "ISC"
    },
    "frontend": {
      "name": "coven-frontend",
      "version": "1.0.0",
      "license": "ISC"
    },
    "node_modules/backend": {
      "resolved": "backend",
      "link": true
    },
    "node_modules/coven-backend": {
      "resolved": "backend",
      "link": true
    },
    "node_modules/coven-frontend": {
      "resolved": "frontend",
      "link": true
    },
    "node_modules/coven-shared": {
      "resolved": "shared",
      "link": true
    },
    "node_modules/frontend": {
      "resolved": "frontend",
      "link": true
    },
    "node_modules/shared": {
      "resolved": "shared",
      "link": true
    },
    "shared": {
      "name": "coven-shared",
      "version": "1.0.0",
      "license": "ISC"
    }
  }
}