{
  "name": "new-coven",
  "version": "1.0.0",
  "lockfileVersion": 3,
  "requires": true,
  "packages": {
    "": {
      "name": "new-coven",
      "version": "1.0.0",
      "workspaces": [
        "shared",
        "frontend",
        "backend"
      ],
      "devDependencies": {
        "@types/node": "^22.15.3",
        "concurrently": "^8.2.2",
        "typescript": "^5.5.4"
      }
    },
    "backend": {
      "name": "coven-backend",
      "version": "1.0.0",
      "license": "ISC",
      "dependencies": {
        "coven-shared": "1.0.0",
        "cors": "^2.8.5",
        "express": "^4.19.2"
      },
      "devDependencies": {
        "@types/cors": "^2.8.17",
        "@types/express": "^4.17.21",
        "@types/node": "^18.19.87",
        "nodemon": "^3.1.4",
        "ts-node": "^10.9.2",
        "typescript": "^5.5.4"
      }
    },
    "frontend": {
      "name": "coven-frontend",
      "version": "1.0.0",
      "private": true,
      "license": "ISC",
      "dependencies": {
        "coven-shared": "1.0.0",
        "react": "^18.3.1",
        "react-dom": "^18.3.1",
        "react-router-dom": "^6.26.0"
      },
      "devDependencies": {
        "@types/node": "^22.15.3",
        "@types/react": "^18.3.3",
        "@types/react-dom": "^18.3.0",
        "@types/react-router-dom": "^5.3.3",
        "@typescript-eslint/eslint-plugin": "^7.17.0",
        "@typescript-eslint/parser": "^7.17.0",
        "@vitejs/plugin-react": "^4.3.1",
        "eslint": "^8.57.0",
        "eslint-plugin-react-hooks": "^4.6.2",
        "eslint-plugin-react-refresh": "^0.4.8",
        "sass": "^1.77.8",
        "typescript": "^5.5.4",
        "vite": "^5.3.5"
      }
    },
    "node_modules/backend": {
      "resolved": "backend",
      "link": true
    },
    "node_modules/coven-backend": {
      "resolved": "backend",
      "link": true
    },
    "node_modules/coven-frontend": {
      "resolved": "frontend",
      "link": true
    },
    "node_modules/coven-shared": {
      "resolved": "shared",
      "link": true
    },
    "node_modules/frontend": {
      "resolved": "frontend",
      "link": true
    },
    "node_modules/shared": {
      "resolved": "shared",
      "link": true
    },
    "shared": {
      "name": "coven-shared",
      "version": "1.0.0",
      "license": "ISC",
      "devDependencies": {
        "rimraf": "^5.0.9",
        "typescript": "^5.5.4"
      }
    }
  }
}